
Microsoft Visual Studio Solution File, Format Version 12.00
# Visual Studio Version 17
VisualStudioVersion = 17.10.35013.160
MinimumVisualStudioVersion = 10.0.40219.1
Project("{FAE04EC0-301F-11D3-BF4B-00C04F79EFBC}") = "Movement_Functions_Control", "Movement_Functions_Control\Movement_Functions_Control.csproj", "{673BEA1C-FC50-4017-9343-B75F1C20CCE7}"
EndProject
Global
	GlobalSection(SolutionConfigurationPlatforms) = preSolution
		Debug|Any CPU = Debug|Any CPU
		Release|Any CPU = Release|Any CPU
	EndGlobalSection
	GlobalSection(ProjectConfigurationPlatforms) = postSolution
		{673BEA1C-FC50-4017-9343-B75F1C20CCE7}.Debug|Any CPU.ActiveCfg = Debug|Any CPU
		{673BEA1C-FC50-4017-9343-B75F1C20CCE7}.Debug|Any CPU.Build.0 = Debug|Any CPU
		{673BEA1C-FC50-4017-9343-B75F1C20CCE7}.Release|Any CPU.ActiveCfg = Release|Any CPU
		{673BEA1C-FC50-4017-9343-B75F1C20CCE7}.Release|Any CPU.Build.0 = Release|Any CPU
	EndGlobalSection
	GlobalSection(SolutionProperties) = preSolution
		HideSolutionNode = FALSE
	EndGlobalSection
	GlobalSection(ExtensibilityGlobals) = postSolution
		SolutionGuid = {8CE532EE-6C0E-450B-A684-00D5766D4B18}
	EndGlobalSection
EndGlobal
