
Microsoft Visual Studio Solution File, Format Version 12.00
# Visual Studio Version 17
VisualStudioVersion = 17.0.31903.59
MinimumVisualStudioVersion = 10.0.40219.1
Project("{FAE04EC0-301F-11D3-BF4B-00C04F79EFBC}") = "Command_Control", "Command_Control\Command_Control.csproj", "{E318EB6B-00BE-42D9-B1AA-29A609C04584}"
EndProject
Global
	GlobalSection(SolutionConfigurationPlatforms) = preSolution
		Debug|Any CPU = Debug|Any CPU
		Release|Any CPU = Release|Any CPU
	EndGlobalSection
	GlobalSection(ProjectConfigurationPlatforms) = postSolution
		{E318EB6B-00BE-42D9-B1AA-29A609C04584}.Debug|Any CPU.ActiveCfg = Debug|Any CPU
		{E318EB6B-00BE-42D9-B1AA-29A609C04584}.Debug|Any CPU.Build.0 = Debug|Any CPU
		{E318EB6B-00BE-42D9-B1AA-29A609C04584}.Release|Any CPU.ActiveCfg = Release|Any CPU
		{E318EB6B-00BE-42D9-B1AA-29A609C04584}.Release|Any CPU.Build.0 = Release|Any CPU
	EndGlobalSection
	GlobalSection(SolutionProperties) = preSolution
		HideSolutionNode = FALSE
	EndGlobalSection
	GlobalSection(ExtensibilityGlobals) = postSolution
		SolutionGuid = {6CDD5804-C32E-497D-9B73-D1732B5E41D8}
	EndGlobalSection
EndGlobal
