
Microsoft Visual Studio Solution File, Format Version 12.00
# Visual Studio Version 17
VisualStudioVersion = 17.0.31903.59
MinimumVisualStudioVersion = 10.0.40219.1
Project("{FAE04EC0-301F-11D3-BF4B-00C04F79EFBC}") = "ORCA_Simulator_Application", "ORCA_Simulator_Application\ORCA_Simulator_Application.csproj", "{D5A8C8A7-FABF-4D05-A51C-8B066373FBF6}"
EndProject
Global
	GlobalSection(SolutionConfigurationPlatforms) = preSolution
		Debug|Any CPU = Debug|Any CPU
		Release|Any CPU = Release|Any CPU
	EndGlobalSection
	GlobalSection(ProjectConfigurationPlatforms) = postSolution
		{D5A8C8A7-FABF-4D05-A51C-8B066373FBF6}.Debug|Any CPU.ActiveCfg = Debug|Any CPU
		{D5A8C8A7-FABF-4D05-A51C-8B066373FBF6}.Debug|Any CPU.Build.0 = Debug|Any CPU
		{D5A8C8A7-FABF-4D05-A51C-8B066373FBF6}.Release|Any CPU.ActiveCfg = Release|Any CPU
		{D5A8C8A7-FABF-4D05-A51C-8B066373FBF6}.Release|Any CPU.Build.0 = Release|Any CPU
	EndGlobalSection
	GlobalSection(SolutionProperties) = preSolution
		HideSolutionNode = FALSE
	EndGlobalSection
	GlobalSection(ExtensibilityGlobals) = postSolution
		SolutionGuid = {23F4CA05-4F68-4593-8C99-C051B4F6870B}
	EndGlobalSection
EndGlobal
